{
    "_readme": [
        "This file locks the dependencies of your project to a known state",
        "Read more about it at http://getcomposer.org/doc/01-basic-usage.md#composer-lock-the-lock-file"
    ],
    "hash": "59ead4a04e9349318a570babd3a84a5d",
    "packages": [
        {
            "name": "sledgehammer/core",
            "version": "13.09.2",
            "source": {
                "type": "git",
                "url": "https://github.com/sledgehammer/core.git",
                "reference": "76297cbcf7dc9cb496506a1d7943c2a8516706b6"
            },
            "dist": {
                "type": "zip",
                "url": "https://api.github.com/repos/sledgehammer/core/zipball/76297cbcf7dc9cb496506a1d7943c2a8516706b6",
                "reference": "76297cbcf7dc9cb496506a1d7943c2a8516706b6",
                "shasum": ""
            },
            "require": {
                "php": ">=5.3.0"
            },
            "type": "library",
            "autoload": {
                "files": [
                    "bootstrap.php"
                ]
            },
            "notification-url": "https://packagist.org/downloads/",
            "license": [
                "CC-BY-SA-3.0"
            ],
            "description": "The foundation of the Sledgehammer Framework",
            "homepage": "http://sledgehammer.github.com/",
            "keywords": [
                "core",
                "framework",
                "sledgehammer"
            ],
            "time": "2013-09-22 20:33:25"
        },
        {
            "name": "sledgehammer/mvc",
            "version": "13.09.0",
            "source": {
                "type": "git",
                "url": "https://github.com/sledgehammer/mvc.git",
                "reference": "345aa8fea2832840791173a8196d9c75b120cea4"
            },
            "dist": {
                "type": "zip",
                "url": "https://api.github.com/repos/sledgehammer/mvc/zipball/345aa8fea2832840791173a8196d9c75b120cea4",
                "reference": "345aa8fea2832840791173a8196d9c75b120cea4",
                "shasum": ""
            },
            "require": {
                "sledgehammer/core": "*"
            },
            "suggest": {
                "sledgehammer/minify": "Minify assets like css, javascript and images"
            },
            "type": "library",
            "notification-url": "https://packagist.org/downloads/",
            "license": [
                "CC-BY-SA-3.0"
            ],
            "description": "Sledgehammer MVC module: Provides a Model View Controller architecture",
            "time": "2013-09-22 20:55:05"
        }
    ],
    "packages-dev": [

    ],
    "aliases": [

    ],
    "minimum-stability": "stable",
    "stability-flags": [

    ],
    "platform": [

    ],
    "platform-dev": [

    ]
}
