{
    "hash": "59ead4a04e9349318a570babd3a84a5d",
    "packages": [
        {
            "name": "sledgehammer/core",
            "version": "12.11.3",
            "source": {
                "type": "git",
                "url": "https://github.com/sledgehammer/core",
                "reference": "12.11.3"
            },
            "dist": {
                "type": "zip",
                "url": "https://github.com/sledgehammer/core/archive/12.11.3.zip",
                "reference": "12.11.3",
                "shasum": ""
            },
            "require": {
                "php": ">=5.3.0"
            },
            "time": "2012-11-28 14:07:03",
            "type": "library",
            "installation-source": "dist",
            "autoload": {
                "files": [
                    "bootstrap.php"
                ]
            },
            "notification-url": "https://packagist.org/downloads/",
            "license": [
                "CC-BY-SA-3.0"
            ],
            "description": "The foundation of the Sledgehammer Framework",
            "homepage": "http://sledgehammer.github.com/",
            "keywords": [
                "framework",
                "core",
                "sledgehammer"
            ]
        },
        {
            "name": "sledgehammer/mvc",
            "version": "12.10.2",
            "source": {
                "type": "git",
                "url": "https://github.com/sledgehammer/mvc",
                "reference": "12.10.2"
            },
            "dist": {
                "type": "zip",
                "url": "https://github.com/sledgehammer/mvc/zipball/12.10.2",
                "reference": "12.10.2",
                "shasum": ""
            },
            "require": {
                "sledgehammer/core": "*"
            },
            "suggest": {
                "sledgehammer/minify": "Minify assets like css, javascript and images"
            },
            "time": "2012-10-17 08:13:42",
            "type": "library",
            "installation-source": "dist",
            "notification-url": "https://packagist.org/downloads/",
            "license": [
                "CC-BY-SA-3.0"
            ],
            "description": "Sledgehammer MVC module: Provides a Model View Controller architecture"
        }
    ],
    "packages-dev": null,
    "aliases": [

    ],
    "minimum-stability": "stable",
    "stability-flags": [

    ]
}
